<?xml version="1.0" encoding="utf-8"?>
<Project ToolsVersion="4.0" xmlns="http://schemas.microsoft.com/developer/msbuild/2003">
  <ItemGroup>
    <Filter Include="Header Files">
      <UniqueIdentifier>{93995380-89BD-4b04-88EB-625FBE52EBFB}</UniqueIdentifier>
      <Extensions>h;hh;hpp;hxx;h++;hm;inl;inc;ipp;xsd</Extensions>
    </Filter>
    <Filter Include="Resource Files">
      <UniqueIdentifier>{67DA6AB6-F800-4c08-8B7A-83BB121AAD01}</UniqueIdentifier>
      <Extensions>rc;ico;cur;bmp;dlg;rc2;rct;bin;rgs;gif;jpg;jpeg;jpe;resx;tiff;tif;png;wav;mfcribbon-ms</Extensions>
    </Filter>
    <Filter Include="Resource Files\Source Files">
      <UniqueIdentifier>{4FC737F1-C7A5-4376-A066-2A32D752A2FF}</UniqueIdentifier>
      <Extensions>cpp;c;cc;cxx;c++;cppm;ixx;def;odl;idl;hpj;bat;asm;asmx</Extensions>
    </Filter>
    <Filter Include="Resource Files\Source Files\Graphics">
      <UniqueIdentifier>{4d6af5a1-8cfb-46cd-9225-f8040384ec6e}</UniqueIdentifier>
    </Filter>
    <Filter Include="Resource Files\Source Files\Shapes">
      <UniqueIdentifier>{674094cc-f21f-4884-af61-d5f7b7473cec}</UniqueIdentifier>
    </Filter>
    <Filter Include="Resource Files\Source Files\App">
      <UniqueIdentifier>{cdd899d6-4192-462c-921a-99940cbf48e6}</UniqueIdentifier>
    </Filter>
    <Filter Include="Resource Files\Source Files\Scenes">
      <UniqueIdentifier>{1d492acd-6335-4c8d-8492-d632a2ac6e49}</UniqueIdentifier>
    </Filter>
    <Filter Include="Resource Files\Source Files\Inputs">
      <UniqueIdentifier>{13778411-222c-49fe-ba20-db85ff4806f7}</UniqueIdentifier>
    </Filter>
    <Filter Include="Resource Files\Source Files\Games">
      <UniqueIdentifier>{c37d8909-712c-478b-bbe0-47ed5702b539}</UniqueIdentifier>
    </Filter>
    <Filter Include="Resource Files\Source Files\Games\BreakOut">
      <UniqueIdentifier>{0b488321-b249-4084-a70b-bdd3282dac39}</UniqueIdentifier>
    </Filter>
  </ItemGroup>
  <ItemGroup>
    <ClCompile Include="main.cpp">
      <Filter>Resource Files\Source Files</Filter>
    </ClCompile>
    <ClCompile Include="Vec2D.cpp">
      <Filter>Resource Files\Source Files</Filter>
    </ClCompile>
    <ClCompile Include="Utils.cpp">
      <Filter>Resource Files\Source Files</Filter>
    </ClCompile>
    <ClCompile Include="Color.cpp">
      <Filter>Resource Files\Source Files\Graphics</Filter>
    </ClCompile>
    <ClCompile Include="ScreenBuffer.cpp">
      <Filter>Resource Files\Source Files\Graphics</Filter>
    </ClCompile>
    <ClCompile Include="Screen.cpp">
      <Filter>Resource Files\Source Files\Graphics</Filter>
    </ClCompile>
    <ClCompile Include="Line2D.cpp">
      <Filter>Resource Files\Source Files\Shapes</Filter>
    </ClCompile>
    <ClCompile Include="Shape.cpp">
      <Filter>Resource Files\Source Files\Shapes</Filter>
    </ClCompile>
    <ClCompile Include="AARectangle.cpp">
      <Filter>Resource Files\Source Files\Shapes</Filter>
    </ClCompile>
    <ClCompile Include="Triangle.cpp">
      <Filter>Resource Files\Source Files\Shapes</Filter>
    </ClCompile>
    <ClCompile Include="Circle.cpp">
      <Filter>Resource Files\Source Files\Shapes</Filter>
    </ClCompile>
    <ClCompile Include="App.cpp">
      <Filter>Resource Files\Source Files\App</Filter>
    </ClCompile>
    <ClCompile Include="ArcadeScene.cpp">
      <Filter>Resource Files\Source Files\Scenes</Filter>
    </ClCompile>
    <ClCompile Include="GameController.cpp">
      <Filter>Resource Files\Source Files\Inputs</Filter>
    </ClCompile>
    <ClCompile Include="InputController.cpp">
      <Filter>Resource Files\Source Files\Inputs</Filter>
    </ClCompile>
    <ClCompile Include="Game.cpp">
      <Filter>Resource Files\Source Files\Games</Filter>
    </ClCompile>
    <ClCompile Include="GameScene.cpp">
      <Filter>Resource Files\Source Files\Scenes</Filter>
    </ClCompile>
    <ClCompile Include="FileCommandLoader.cpp">
      <Filter>Resource Files\Source Files</Filter>
    </ClCompile>
    <ClCompile Include="BreakOut.cpp">
      <Filter>Resource Files\Source Files\Games\BreakOut</Filter>
    </ClCompile>
    <ClCompile Include="Excluder.cpp">
      <Filter>Resource Files\Source Files\Games\BreakOut</Filter>
    </ClCompile>
    <ClCompile Include="Paddle.cpp">
      <Filter>Resource Files\Source Files\Games\BreakOut</Filter>
    </ClCompile>
    <ClCompile Include="Ball.cpp">
      <Filter>Resource Files\Source Files\Games\BreakOut</Filter>
    </ClCompile>
    <ClCompile Include="LevelBoundary.cpp">
      <Filter>Resource Files\Source Files\Games\BreakOut</Filter>
    </ClCompile>
  </ItemGroup>
  <ItemGroup>
    <ClInclude Include="Vec2D.h">
      <Filter>Header Files</Filter>
    </ClInclude>
    <ClInclude Include="Utils.h">
      <Filter>Header Files</Filter>
    </ClInclude>
    <ClInclude Include="Color.h">
      <Filter>Header Files</Filter>
    </ClInclude>
    <ClInclude Include="ScreenBuffer.h">
      <Filter>Header Files</Filter>
    </ClInclude>
    <ClInclude Include="Screen.h">
      <Filter>Header Files</Filter>
    </ClInclude>
    <ClInclude Include="Line2D.h">
      <Filter>Header Files</Filter>
    </ClInclude>
    <ClInclude Include="Shape.h">
      <Filter>Header Files</Filter>
    </ClInclude>
    <ClInclude Include="Triangle.h">
      <Filter>Header Files</Filter>
    </ClInclude>
    <ClInclude Include="AARectangle.h">
      <Filter>Header Files</Filter>
    </ClInclude>
    <ClInclude Include="Circle.h">
      <Filter>Header Files</Filter>
    </ClInclude>
    <ClInclude Include="App.h">
      <Filter>Header Files</Filter>
    </ClInclude>
    <ClInclude Include="Scene.h">
      <Filter>Header Files</Filter>
    </ClInclude>
    <ClInclude Include="ArcadeScene.h">
      <Filter>Header Files</Filter>
    </ClInclude>
    <ClInclude Include="InputAction.h">
      <Filter>Header Files</Filter>
    </ClInclude>
    <ClInclude Include="GameController.h">
      <Filter>Header Files</Filter>
    </ClInclude>
    <ClInclude Include="InputController.h">
      <Filter>Header Files</Filter>
    </ClInclude>
    <ClInclude Include="Game.h">
      <Filter>Header Files</Filter>
    </ClInclude>
    <ClInclude Include="GameScene.h">
      <Filter>Header Files</Filter>
    </ClInclude>
    <ClInclude Include="FileCommandLoader.h">
      <Filter>Header Files</Filter>
    </ClInclude>
    <ClInclude Include="BreakOut.h">
      <Filter>Header Files</Filter>
    </ClInclude>
    <ClInclude Include="Excluder.h">
      <Filter>Header Files</Filter>
    </ClInclude>
    <ClInclude Include="BoundaryEdge.h">
      <Filter>Header Files</Filter>
    </ClInclude>
    <ClInclude Include="Paddle.h">
      <Filter>Header Files</Filter>
    </ClInclude>
    <ClInclude Include="Ball.h">
      <Filter>Header Files</Filter>
    </ClInclude>
    <ClInclude Include="LevelBoundary.h">
      <Filter>Header Files</Filter>
    </ClInclude>
  </ItemGroup>
</Project>